// !$*UTF8*$!
{
	archiveVersion = 1;
	classes = {
	};
	objectVersion = 56;
	objects = {

/* Begin PBXBuildFile section */
		AABB000000000000000000B2 /* main.swift in Sources */ = {isa = PBXBuildFile; fileRef = AABB000000000000000000B1 /* main.swift */; };
		AABB000000000000000000B4 /* AppDelegate.swift in Sources */ = {isa = PBXBuildFile; fileRef = AABB000000000000000000B3 /* AppDelegate.swift */; };
		AABB000000000000000000B6 /* UsageAPI.swift in Sources */ = {isa = PBXBuildFile; fileRef = AABB000000000000000000B5 /* UsageAPI.swift */; };
		AABB000000000000000000B8 /* StatusBarController.swift in Sources */ = {isa = PBXBuildFile; fileRef = AABB000000000000000000B7 /* StatusBarController.swift */; };
/* End PBXBuildFile section */

/* Begin PBXFileReference section */
		AABB000000000000000000AF /* ClaudeMonitor.app */ = {isa = PBXFileReference; explicitFileType = wrapper.application; includeInIndex = 0; path = ClaudeMonitor.app; sourceTree = BUILT_PRODUCTS_DIR; };
		AABB000000000000000000B1 /* main.swift */ = {isa = PBXFileReference; lastKnownFileType = sourcecode.swift; path = main.swift; sourceTree = "<group>"; };
		AABB000000000000000000B3 /* AppDelegate.swift */ = {isa = PBXFileReference; lastKnownFileType = sourcecode.swift; path = AppDelegate.swift; sourceTree = "<group>"; };
		AABB000000000000000000B5 /* UsageAPI.swift */ = {isa = PBXFileReference; lastKnownFileType = sourcecode.swift; path = UsageAPI.swift; sourceTree = "<group>"; };
		AABB000000000000000000B7 /* StatusBarController.swift */ = {isa = PBXFileReference; lastKnownFileType = sourcecode.swift; path = StatusBarController.swift; sourceTree = "<group>"; };
		AABB000000000000000000B9 /* Info.plist */ = {isa = PBXFileReference; lastKnownFileType = text.plist.xml; path = Info.plist; sourceTree = "<group>"; };
/* End PBXFileReference section */

/* Begin PBXFrameworksBuildPhase section */
		AABB000000000000000000AE /* Frameworks */ = {
			isa = PBXFrameworksBuildPhase;
			buildActionMask = 2147483647;
			files = (
			);
			runOnlyForDeploymentPostprocessing = 0;
		};
/* End PBXFrameworksBuildPhase section */

/* Begin PBXGroup section */
		AABB000000000000000000A2 /* root */ = {
			isa = PBXGroup;
			children = (
				AABB000000000000000000A3 /* ClaudeMonitor */,
				AABB000000000000000000A4 /* Products */,
			);
			sourceTree = "<group>";
		};
		AABB000000000000000000A3 /* ClaudeMonitor */ = {
			isa = PBXGroup;
			children = (
				AABB000000000000000000B1 /* main.swift */,
				AABB000000000000000000B3 /* AppDelegate.swift */,
				AABB000000000000000000B5 /* UsageAPI.swift */,
				AABB000000000000000000B7 /* StatusBarController.swift */,
				AABB000000000000000000B9 /* Info.plist */,
			);
			name = ClaudeMonitor;
			path = ClaudeMonitor;
			sourceTree = "<group>";
		};
		AABB000000000000000000A4 /* Products */ = {
			isa = PBXGroup;
			children = (
				AABB000000000000000000AF /* ClaudeMonitor.app */,
			);
			name = Products;
			sourceTree = "<group>";
		};
/* End PBXGroup section */

/* Begin PBXNativeTarget section */
		AABB000000000000000000A5 /* ClaudeMonitor */ = {
			isa = PBXNativeTarget;
			buildConfigurationList = AABB000000000000000000A7 /* Build configuration list for PBXNativeTarget "ClaudeMonitor" */;
			buildPhases = (
				AABB000000000000000000AC /* Sources */,
				AABB000000000000000000AE /* Frameworks */,
				AABB000000000000000000AD /* Resources */,
			);
			buildRules = (
			);
			dependencies = (
			);
			name = ClaudeMonitor;
			productName = ClaudeMonitor;
			productReference = AABB000000000000000000AF /* ClaudeMonitor.app */;
			productType = "com.apple.product-type.application";
		};
/* End PBXNativeTarget section */

/* Begin PBXProject section */
		AABB000000000000000000A1 /* Project object */ = {
			isa = PBXProject;
			attributes = {
				BuildIndependentTargetsInParallel = 1;
				LastSwiftUpdateCheck = 1500;
				LastUpgradeCheck = 1500;
				TargetAttributes = {
					AABB000000000000000000A5 = {
						CreatedOnToolsVersion = 15.0;
					};
				};
			};
			buildConfigurationList = AABB000000000000000000A6 /* Build configuration list for PBXProject "ClaudeMonitor" */;
			compatibilityVersion = "Xcode 14.0";
			developmentRegion = en;
			hasScannedForEncodings = 0;
			knownRegions = (
				en,
				Base,
			);
			mainGroup = AABB000000000000000000A2;
			productRefGroup = AABB000000000000000000A4 /* Products */;
			projectDirPath = "";
			projectRoot = "";
			targets = (
				AABB000000000000000000A5 /* ClaudeMonitor */,
			);
		};
/* End PBXProject section */

/* Begin PBXResourcesBuildPhase section */
		AABB000000000000000000AD /* Resources */ = {
			isa = PBXResourcesBuildPhase;
			buildActionMask = 2147483647;
			files = (
			);
			runOnlyForDeploymentPostprocessing = 0;
		};
/* End PBXResourcesBuildPhase section */

/* Begin PBXSourcesBuildPhase section */
		AABB000000000000000000AC /* Sources */ = {
			isa = PBXSourcesBuildPhase;
			buildActionMask = 2147483647;
			files = (
				AABB000000000000000000B2 /* main.swift in Sources */,
				AABB000000000000000000B4 /* AppDelegate.swift in Sources */,
				AABB000000000000000000B6 /* UsageAPI.swift in Sources */,
				AABB000000000000000000B8 /* StatusBarController.swift in Sources */,
			);
			runOnlyForDeploymentPostprocessing = 0;
		};
/* End PBXSourcesBuildPhase section */

/* Begin XCBuildConfiguration section */
		AABB000000000000000000A8 /* Debug */ = {
			isa = XCBuildConfiguration;
			buildSettings = {
				ALWAYS_SEARCH_USER_PATHS = NO;
				CLANG_ENABLE_MODULES = YES;
				CLANG_ENABLE_OBJC_ARC = YES;
				COPY_PHASE_STRIP = NO;
				DEBUG_INFORMATION_FORMAT = dwarf;
				ENABLE_TESTABILITY = YES;
				GCC_OPTIMIZATION_LEVEL = 0;
				GCC_PREPROCESSOR_DEFINITIONS = (
					"DEBUG=1",
					"$(inherited)",
				);
				MACOSX_DEPLOYMENT_TARGET = 12.0;
				ONLY_ACTIVE_ARCH = YES;
				SDKROOT = macosx;
				SWIFT_ACTIVE_COMPILATION_CONDITIONS = DEBUG;
				SWIFT_OPTIMIZATION_LEVEL = "-Onone";
			};
			name = Debug;
		};
		AABB000000000000000000A9 /* Release */ = {
			isa = XCBuildConfiguration;
			buildSettings = {
				ALWAYS_SEARCH_USER_PATHS = NO;
				CLANG_ENABLE_MODULES = YES;
				CLANG_ENABLE_OBJC_ARC = YES;
				COPY_PHASE_STRIP = NO;
				DEBUG_INFORMATION_FORMAT = "dwarf-with-dsym";
				ENABLE_NS_ASSERTIONS = NO;
				MACOSX_DEPLOYMENT_TARGET = 12.0;
				SDKROOT = macosx;
				SWIFT_COMPILATION_MODE = wholemodule;
				SWIFT_OPTIMIZATION_LEVEL = "-O";
			};
			name = Release;
		};
		AABB000000000000000000AA /* Debug */ = {
			isa = XCBuildConfiguration;
			buildSettings = {
				CODE_SIGN_STYLE = Automatic;
				COMBINE_HIDPI_IMAGES = YES;
				DEAD_CODE_STRIPPING = YES;
				INFOPLIST_FILE = ClaudeMonitor/Info.plist;
				LD_RUNPATH_SEARCH_PATHS = (
					"$(inherited)",
					"@executable_path/../Frameworks",
				);
				PRODUCT_BUNDLE_IDENTIFIER = "com.user.ClaudeMonitor";
				PRODUCT_NAME = "$(TARGET_NAME)";
				SWIFT_VERSION = 5.0;
			};
			name = Debug;
		};
		AABB000000000000000000AB /* Release */ = {
			isa = XCBuildConfiguration;
			buildSettings = {
				CODE_SIGN_STYLE = Automatic;
				COMBINE_HIDPI_IMAGES = YES;
				DEAD_CODE_STRIPPING = YES;
				INFOPLIST_FILE = ClaudeMonitor/Info.plist;
				LD_RUNPATH_SEARCH_PATHS = (
					"$(inherited)",
					"@executable_path/../Frameworks",
				);
				PRODUCT_BUNDLE_IDENTIFIER = "com.user.ClaudeMonitor";
				PRODUCT_NAME = "$(TARGET_NAME)";
				SWIFT_VERSION = 5.0;
			};
			name = Release;
		};
/* End XCBuildConfiguration section */

/* Begin XCConfigurationList section */
		AABB000000000000000000A6 /* Build configuration list for PBXProject "ClaudeMonitor" */ = {
			isa = XCConfigurationList;
			buildConfigurations = (
				AABB000000000000000000A8 /* Debug */,
				AABB000000000000000000A9 /* Release */,
			);
			defaultConfigurationIsVisible = 0;
			defaultConfigurationName = Release;
		};
		AABB000000000000000000A7 /* Build configuration list for PBXNativeTarget "ClaudeMonitor" */ = {
			isa = XCConfigurationList;
			buildConfigurations = (
				AABB000000000000000000AA /* Debug */,
				AABB000000000000000000AB /* Release */,
			);
			defaultConfigurationIsVisible = 0;
			defaultConfigurationName = Release;
		};
/* End XCConfigurationList section */

	};
	rootObject = AABB000000000000000000A1 /* Project object */;
}
